<?xml version="1.0" encoding="utf-8"?>
<Project ToolsVersion="4.0" xmlns="http://schemas.microsoft.com/developer/msbuild/2003">
  <ItemGroup>
    <Filter Include="Source Files">
      <UniqueIdentifier>{4FC737F1-C7A5-4376-A066-2A32D752A2FF}</UniqueIdentifier>
      <Extensions>cpp;c;cc;cxx;def;odl;idl;hpj;bat;asm;asmx</Extensions>
    </Filter>
    <Filter Include="Header Files">
      <UniqueIdentifier>{93995380-89BD-4b04-88EB-625FBE52EBFB}</UniqueIdentifier>
      <Extensions>h;hpp;hxx;hm;inl;inc;xsd</Extensions>
    </Filter>
    <Filter Include="Resource Files">
      <UniqueIdentifier>{67DA6AB6-F800-4c08-8B7A-83BB121AAD01}</UniqueIdentifier>
      <Extensions>rc;ico;cur;bmp;dlg;rc2;rct;bin;rgs;gif;jpg;jpeg;jpe;resx;tiff;tif;png;wav</Extensions>
    </Filter>
    <Filter Include="common">
      <UniqueIdentifier>{fd2bfe20-da4c-4914-b2a3-62221afc5c26}</UniqueIdentifier>
    </Filter>
    <Filter Include="eq">
      <UniqueIdentifier>{6073ed50-caa7-4563-b40c-fe0694625e32}</UniqueIdentifier>
    </Filter>
  </ItemGroup>
  <ItemGroup>
    <ClCompile Include="DisplayWnd.cpp">
      <Filter>Source Files</Filter>
    </ClCompile>
    <ClCompile Include="player.cpp">
      <Filter>Source Files</Filter>
    </ClCompile>
    <ClCompile Include="playerDlg.cpp">
      <Filter>Source Files</Filter>
    </ClCompile>
    <ClCompile Include="SpectrumWnd.cpp">
      <Filter>Source Files</Filter>
    </ClCompile>
    <ClCompile Include="stdafx.cpp">
      <Filter>Source Files</Filter>
    </ClCompile>
    <ClCompile Include="..\common\Common.cpp">
      <Filter>common</Filter>
    </ClCompile>
    <ClCompile Include="..\common\equalizer.cpp">
      <Filter>common</Filter>
    </ClCompile>
    <ClCompile Include="..\common\fft.cpp">
      <Filter>common</Filter>
    </ClCompile>
    <ClCompile Include="..\common\LogicDevice.cpp">
      <Filter>common</Filter>
    </ClCompile>
    <ClCompile Include="..\common\spectrum.cpp">
      <Filter>common</Filter>
    </ClCompile>
    <ClCompile Include="..\common\Spline3.cpp">
      <Filter>common</Filter>
    </ClCompile>
    <ClCompile Include="..\common\ThomasEquation.cpp">
      <Filter>common</Filter>
    </ClCompile>
    <ClCompile Include="..\common\Wave.cpp">
      <Filter>common</Filter>
    </ClCompile>
    <ClCompile Include="..\common\WaveBuffer.cpp">
      <Filter>common</Filter>
    </ClCompile>
    <ClCompile Include="..\common\WaveDevice.cpp">
      <Filter>common</Filter>
    </ClCompile>
    <ClCompile Include="..\common\WaveInterface.cpp">
      <Filter>common</Filter>
    </ClCompile>
    <ClCompile Include="..\common\WaveOut.cpp">
      <Filter>common</Filter>
    </ClCompile>
    <ClCompile Include="..\eq\eq.cpp">
      <Filter>eq</Filter>
    </ClCompile>
    <ClCompile Include="..\eq\iir_cfs.cpp">
      <Filter>eq</Filter>
    </ClCompile>
    <ClCompile Include="..\eq\iir_fpu.cpp">
      <Filter>eq</Filter>
    </ClCompile>
  </ItemGroup>
  <ItemGroup>
    <ClInclude Include="DisplayWnd.h">
      <Filter>Header Files</Filter>
    </ClInclude>
    <ClInclude Include="player.h">
      <Filter>Header Files</Filter>
    </ClInclude>
    <ClInclude Include="playerDlg.h">
      <Filter>Header Files</Filter>
    </ClInclude>
    <ClInclude Include="Resource.h">
      <Filter>Header Files</Filter>
    </ClInclude>
    <ClInclude Include="SpectrumWnd.h">
      <Filter>Header Files</Filter>
    </ClInclude>
    <ClInclude Include="stdafx.h">
      <Filter>Header Files</Filter>
    </ClInclude>
    <ClInclude Include="targetver.h">
      <Filter>Header Files</Filter>
    </ClInclude>
    <ClInclude Include="..\common\Common.h">
      <Filter>common</Filter>
    </ClInclude>
    <ClInclude Include="..\common\equalizer.h">
      <Filter>common</Filter>
    </ClInclude>
    <ClInclude Include="..\common\fft.h">
      <Filter>common</Filter>
    </ClInclude>
    <ClInclude Include="..\common\LogicDevice.h">
      <Filter>common</Filter>
    </ClInclude>
    <ClInclude Include="..\common\spectrum.h">
      <Filter>common</Filter>
    </ClInclude>
    <ClInclude Include="..\common\Spline3.h">
      <Filter>common</Filter>
    </ClInclude>
    <ClInclude Include="..\common\ThomasEquation.h">
      <Filter>common</Filter>
    </ClInclude>
    <ClInclude Include="..\common\Wave.h">
      <Filter>common</Filter>
    </ClInclude>
    <ClInclude Include="..\common\WaveBuffer.h">
      <Filter>common</Filter>
    </ClInclude>
    <ClInclude Include="..\common\WaveDevice.h">
      <Filter>common</Filter>
    </ClInclude>
    <ClInclude Include="..\common\WaveInterface.h">
      <Filter>common</Filter>
    </ClInclude>
    <ClInclude Include="..\common\WaveOut.h">
      <Filter>common</Filter>
    </ClInclude>
    <ClInclude Include="..\eq\eq.h">
      <Filter>eq</Filter>
    </ClInclude>
    <ClInclude Include="..\eq\iir.h">
      <Filter>eq</Filter>
    </ClInclude>
    <ClInclude Include="..\eq\iir_cfs.h">
      <Filter>eq</Filter>
    </ClInclude>
    <ClInclude Include="..\eq\iir_fpu.h">
      <Filter>eq</Filter>
    </ClInclude>
  </ItemGroup>
  <ItemGroup>
    <None Include="res\player.ico">
      <Filter>Resource Files</Filter>
    </None>
    <None Include="res\player.rc2">
      <Filter>Resource Files</Filter>
    </None>
    <None Include="ReadMe.txt" />
  </ItemGroup>
  <ItemGroup>
    <ResourceCompile Include="player.rc">
      <Filter>Resource Files</Filter>
    </ResourceCompile>
  </ItemGroup>
</Project>